
Microsoft Visual Studio Solution File, Format Version 12.00
# Visual Studio 14
VisualStudioVersion = 14.0.23107.0
MinimumVisualStudioVersion = 10.0.40219.1
Project("{FAE04EC0-301F-11D3-BF4B-00C04F79EFBC}") = "Notify Collection", "Notify Collection\Notify Collection.csproj", "{00AF087A-86EB-418A-9C53-DB9964EDB88B}"
EndProject
Project("{FAE04EC0-301F-11D3-BF4B-00C04F79EFBC}") = "INotify Property Changed", "..\INotify Property Changed\INotify Property Changed\INotify Property Changed.csproj", "{FC0414C5-F211-42B6-9F1B-BE7B91307F4D}"
EndProject
Global
	GlobalSection(SolutionConfigurationPlatforms) = preSolution
		Debug|Any CPU = Debug|Any CPU
		Release|Any CPU = Release|Any CPU
	EndGlobalSection
	GlobalSection(ProjectConfigurationPlatforms) = postSolution
		{00AF087A-86EB-418A-9C53-DB9964EDB88B}.Debug|Any CPU.ActiveCfg = Debug|Any CPU
		{00AF087A-86EB-418A-9C53-DB9964EDB88B}.Debug|Any CPU.Build.0 = Debug|Any CPU
		{00AF087A-86EB-418A-9C53-DB9964EDB88B}.Release|Any CPU.ActiveCfg = Release|Any CPU
		{00AF087A-86EB-418A-9C53-DB9964EDB88B}.Release|Any CPU.Build.0 = Release|Any CPU
		{FC0414C5-F211-42B6-9F1B-BE7B91307F4D}.Debug|Any CPU.ActiveCfg = Debug|Any CPU
		{FC0414C5-F211-42B6-9F1B-BE7B91307F4D}.Debug|Any CPU.Build.0 = Debug|Any CPU
		{FC0414C5-F211-42B6-9F1B-BE7B91307F4D}.Release|Any CPU.ActiveCfg = Release|Any CPU
		{FC0414C5-F211-42B6-9F1B-BE7B91307F4D}.Release|Any CPU.Build.0 = Release|Any CPU
	EndGlobalSection
	GlobalSection(SolutionProperties) = preSolution
		HideSolutionNode = FALSE
	EndGlobalSection
EndGlobal
