
Microsoft Visual Studio Solution File, Format Version 12.00
# Visual Studio 14
VisualStudioVersion = 14.0.23107.0
MinimumVisualStudioVersion = 10.0.40219.1
Project("{FAE04EC0-301F-11D3-BF4B-00C04F79EFBC}") = "XmlMarkupBuilderLibrary", "XmlMarkupBuilderLibrary\XmlMarkupBuilderLibrary.csproj", "{6AD2B9A8-344C-46E4-A86B-55A5D83528EE}"
EndProject
Project("{FAE04EC0-301F-11D3-BF4B-00C04F79EFBC}") = "XmlMarkupBuilderApplication", "XmlMarkupBuilderApplication\XmlMarkupBuilderApplication.csproj", "{A0A4CBF2-D874-4F90-9248-67BF8389C2C5}"
EndProject
Project("{FAE04EC0-301F-11D3-BF4B-00C04F79EFBC}") = "XmlMarkupBuilderLibraryTests", "XmlMarkupBuilderLibraryTests\XmlMarkupBuilderLibraryTests.csproj", "{40C21ADC-0EC2-44DF-8E56-C7589B5EAB6A}"
EndProject
Global
	GlobalSection(SolutionConfigurationPlatforms) = preSolution
		Debug|Any CPU = Debug|Any CPU
		Release|Any CPU = Release|Any CPU
	EndGlobalSection
	GlobalSection(ProjectConfigurationPlatforms) = postSolution
		{6AD2B9A8-344C-46E4-A86B-55A5D83528EE}.Debug|Any CPU.ActiveCfg = Debug|Any CPU
		{6AD2B9A8-344C-46E4-A86B-55A5D83528EE}.Debug|Any CPU.Build.0 = Debug|Any CPU
		{6AD2B9A8-344C-46E4-A86B-55A5D83528EE}.Release|Any CPU.ActiveCfg = Release|Any CPU
		{6AD2B9A8-344C-46E4-A86B-55A5D83528EE}.Release|Any CPU.Build.0 = Release|Any CPU
		{A0A4CBF2-D874-4F90-9248-67BF8389C2C5}.Debug|Any CPU.ActiveCfg = Debug|Any CPU
		{A0A4CBF2-D874-4F90-9248-67BF8389C2C5}.Debug|Any CPU.Build.0 = Debug|Any CPU
		{A0A4CBF2-D874-4F90-9248-67BF8389C2C5}.Release|Any CPU.ActiveCfg = Release|Any CPU
		{A0A4CBF2-D874-4F90-9248-67BF8389C2C5}.Release|Any CPU.Build.0 = Release|Any CPU
		{40C21ADC-0EC2-44DF-8E56-C7589B5EAB6A}.Debug|Any CPU.ActiveCfg = Debug|Any CPU
		{40C21ADC-0EC2-44DF-8E56-C7589B5EAB6A}.Debug|Any CPU.Build.0 = Debug|Any CPU
		{40C21ADC-0EC2-44DF-8E56-C7589B5EAB6A}.Release|Any CPU.ActiveCfg = Release|Any CPU
		{40C21ADC-0EC2-44DF-8E56-C7589B5EAB6A}.Release|Any CPU.Build.0 = Release|Any CPU
	EndGlobalSection
	GlobalSection(SolutionProperties) = preSolution
		HideSolutionNode = FALSE
	EndGlobalSection
EndGlobal
